{
  "version": 4,
  "terraform_version": "1.14.0",
  "serial": 11,
  "lineage": "1838af84-7604-2982-2864-2579af37563c",
  "outputs": {},
  "resources": [
    {
      "mode": "managed",
      "type": "aws_s3_bucket",
      "name": "mybucket",
      "provider": "provider[\"registry.terraform.io/hashicorp/aws\"]",
      "instances": [
        {
          "schema_version": 0,
          "attributes": {
            "acceleration_status": "",
            "acl": null,
            "arn": "arn:aws:s3:::bucket-nv-7357",
            "bucket": "bucket-nv-7357",
            "bucket_domain_name": "bucket-nv-7357.s3.amazonaws.com",
            "bucket_prefix": "",
            "bucket_region": "us-east-1",
            "bucket_regional_domain_name": "bucket-nv-7357.s3.us-east-1.amazonaws.com",
            "cors_rule": [],
            "force_destroy": false,
            "grant": [
              {
                "id": "9641bd281b5d74930fbbe30e1f2435a345fbe26d5c1014f036825dc062580276",
                "permissions": [
                  "FULL_CONTROL"
                ],
                "type": "CanonicalUser",
                "uri": ""
              }
            ],
            "hosted_zone_id": "Z3AQBSTGFYJSTF",
            "id": "bucket-nv-7357",
            "lifecycle_rule": [],
            "logging": [],
            "object_lock_configuration": [],
            "object_lock_enabled": false,
            "policy": "",
            "region": "us-east-1",
            "replication_configuration": [],
            "request_payer": "BucketOwner",
            "server_side_encryption_configuration": [
              {
                "rule": [
                  {
                    "apply_server_side_encryption_by_default": [
                      {
                        "kms_master_key_id": "",
                        "sse_algorithm": "AES256"
                      }
                    ],
                    "bucket_key_enabled": false
                  }
                ]
              }
            ],
            "tags": null,
            "tags_all": {},
            "timeouts": null,
            "versioning": [
              {
                "enabled": false,
                "mfa_delete": false
              }
            ],
            "website": [],
            "website_domain": null,
            "website_endpoint": null
          },
          "sensitive_attributes": [],
          "identity_schema_version": 0,
          "identity": {
            "account_id": "174856166184",
            "bucket": "bucket-nv-7357",
            "region": "us-east-1"
          },
          "private": "eyJlMmJmYjczMC1lY2FhLTExZTYtOGY4OC0zNDM2M2JjN2M0YzAiOnsiY3JlYXRlIjoxMjAwMDAwMDAwMDAwLCJkZWxldGUiOjM2MDAwMDAwMDAwMDAsInJlYWQiOjEyMDAwMDAwMDAwMDAsInVwZGF0ZSI6MTIwMDAwMDAwMDAwMH19"
        }
      ]
    },
    {
      "mode": "managed",
      "type": "local_file",
      "name": "my_file",
      "provider": "provider[\"registry.terraform.io/hashicorp/local\"]",
      "instances": [
        {
          "schema_version": 0,
          "attributes": {
            "content": "This is from Nikhil",
            "content_base64": null,
            "content_base64sha256": "9TWZ9nClEU7RVlOT1wM7EvzMkl6nMmi7vJNMj58vk3E=",
            "content_base64sha512": "DuNQfYROP50mRZLcozvi8ake47uQAgPNVjsxOWeC95Oeut0C5ZDOg0C/eUkb/zqhH1u3I7lMyCgfBL/DvnHSwQ==",
            "content_md5": "9d02d0e6b9e8f55138d06967c96b6cc3",
            "content_sha1": "fcdfac9dd1f2894c7b00be579738989537967520",
            "content_sha256": "f53599f670a5114ed1565393d7033b12fccc925ea73268bbbc934c8f9f2f9371",
            "content_sha512": "0ee3507d844e3f9d264592dca33be2f1a91ee3bb900203cd563b31396782f7939ebadd02e590ce8340bf79491bff3aa11f5bb723b94cc8281f04bfc3be71d2c1",
            "directory_permission": "0777",
            "file_permission": "0777",
            "filename": "automate.txt",
            "id": "fcdfac9dd1f2894c7b00be579738989537967520",
            "sensitive_content": null,
            "source": null
          },
          "sensitive_attributes": [
            [
              {
                "type": "get_attr",
                "value": "sensitive_content"
              }
            ]
          ],
          "identity_schema_version": 0
        }
      ]
    }
  ],
  "check_results": null
}
